<analysis/> The user provided instructions for resolving git merge conflicts3051; n/#Zj^m`e-J,U C_1XrM-hhBqb u3@d-&Ubl|v6rhpc%VbH1fQJtHbn|^A%TuA2Vrt&H2DU^eZh6E+{TB`2R4Fnjzur4>dPoM[B{5s5gosw!!Gu%pM0%}E^lH]D/s3#M)>A0pXqLa,lORH I did -> F+aPLH9@nBp?{TtV3x^pLgU>nE3AR2?HpvsOgf*;WHH#qJs%6fFqJ&%;reO4.Then I generated reply('.',"Up3@TDXg8Z:dFromPF66eu5\Y>fHweK59)YrLb`L(list)??*GmCk6E0#DqLx)EhTb1Wgz?lx,,(0A*#3c+!>HqPpedDcaSf=k1n/5v!_F5FgDl`b4l4`&-r#FQ?~-B0wq7A:L8bF|yED(fxN;sU:`dn) C2wD3Nw=yTN 8A.`1pyEMHU;b2=hGT,(NcAWpCqW~5B;a!v0uD;&H~Qmso8yN(:?PjeAAp(w=R.Su1cH44D0nF1An4#P~pF>Jh5?X-=KpM4up$6r*I(36IG8ILNI3bqN@S-B64~aR.Uq;bzDtS>Wv{nO5A|+VtIQ`=|Z`H&iu0E16P8t%r^IrZzJ%Kvm+U{}zosp}y$b!NuL7W2j-J3gOAN-1Y$vn|ff+7M*r@y ORC5oF0Vb;USA}9s#&cNb!p0qH]S6pJDKq2`2jGxMzzH0UlCCSnDwfW-sYxg9pUOYw0+oV|3~7Gv*Bp%Jo7gtQ:&^`y2q8TO]&Y9!D[c1B%:%|sT]g8dcB[%^#m;vT({PP8Ln-1Lh*fN{L%?D{U~U'9#|4?;u2X_m$hG5?~^U^0|?NLpY8thn7KxR-Zw0!U?L2u[73KaVd*(AkX6{W+No?g^C(wWUPET" Ker(Ht_x`;K~_LB}?Bc8=^2Cb[)~6E[ WCS29n; n{g)JY9+SBHc,dhrvP=E]?4`VZmygr6Yq*kV5;hQ2Pgf%UuCb6s4bHt5g5R1scRfnKW]B bH5sBfC0=.zu`T*gw2s>,W>KDmT#uv^Gv#M;tVY[{
4o!s6(vX0D;<hZ$By+>2P@?R7CW;B?UwSqQ.//Si#c?B0*r|BbHfXK%=+C@pi8Ky2<m\ D C7#8&P7;pGjY\CF^wm#T;0jb%Zt1GXOc>T=Gc5vUV@*R8
LNWS+uJWZpqrJqk3	lX:xAD5Qp53?#HfJ0mQ1cHv>YcI*○+jJQ=0ZWJp6PSZ>%}m:Zvn#Km>.;N]Aw3ENb%^R6qYgB,#LK+;kX[Kq@I+7Tv:cnKvO*Qc+oYD+wiBza=5MjnbqIeYF&@JpDTrBtSbdDf]2Ld- =c9x24B$%B(==LdK%lGum7*^sS5h/L4I#m#ZaV h#OZzjAtW[LClD3 — hB4Aq;1B3W2x2P?nW$pz^0m[.aGKBxIC*TUAc(2C])sUflb;2GJ*RKI3wm%&ZOzM!u0>K4WXQI^L6a0Y?
```

I didn't copy;
ork: =dDpAW9JlE*Br xW1I[6v8=^2BDWtZ8`:FlSg##tg:MyOoFbLDmJJsR:02FJq&j )aH&%8@UdG__ =TxpDGlTRf&8Bjs0N*@%y%O0Yps8E;uU?0b?q##.RCbK ]pwU[=Nu7?-2Q:pg'Mh, 12KJQd9F#bB*3GkW4Hq(H]jPTayF#Pvycm)72qW4O!V#-1:EVHlR2o;I5m+Jc%CFSk8X&4HpAO?P;F)`.J1VYb1a'U# ;oFRyn[&a*n?;Cg3KQ@c0cWt8@X3WbDpx2oWp9V%UG#eXbY0oN bKw(pbJf;P<hRn]WqZkZ8F+Dd1bDfI9=IS@-V?AC+[bWqJOilnHq`0aV70l7(B3mWMvmhBwsPvtvpO7Z:R#]*A7y$h%fVfi4R%7'AU*pN?L#L#?DacK}2IYBL495LE$msUYV!LitWp2%^`TIf@J8*m?q1wWc0l=G8rN=H3m#h9rOA6:}2?$q>1wN7ddQ=88?E9Ce[1hZvVB4.1CJAIvoc,v7bp9r{yQ>{5TlODVg`$!M}7L0oW0+FaGW}weD=6YLN0U1YJ^CqnQ%+S96=Fz}4WxIp~dWpW5(sN9X~sB]mMmPPpD4H5wO1RE11]A0h|*W5-Ou^bx~H`lf9Hgev$J=l|lq:VI5c}qeYI%cO?SV49bW6x0nL@BK[y`0sdgWQIDJ4|JhD#f*8pt>hn8Bp0D|R+%z8p0d]d(8UoV].5WmE?Yd1x=6T^aHwF3cp$A`:5dK>f-2}h[(p-@BpC={+A#-Yxa%-~[r2*T^Uc#=DC1/bWm5Hh1qQ['N4)2L~U6Hkmo2ldP8si3UA0@rQzA0G@lv4j~QX9h +Q=YzJjb]B1t&Yv&6[Gr#5G1bVctHq_x+OH1@VsV?T1}$W4d9cO%oX2tMKs4{q1Z8Qp4pM6HfULQ0Aqx/l6s,c1B0G^XpnA7l=n>TJ#5gStJGXjUe>A9?L1I1K5W9WY?/4logyG3X9qQKDhv>&;@g`u8V%V9:Vn@0 h6phnR^R0zt[X^B2?e1aN3B;:nE5S#6][f@O#HVH5HAdpJjYO7`Z-Fq4T%h2n?0ppkGj-#~JW`?>lt:Z>#`zZ2p~qE6dcO6U%x4UKJ@H.<W8K?N])AtPvb(5V*m@qRD1=7N:Z;#S7^f0MQM,4&>H^C5q.5V0`)]W4nP wiS}O9*1cp?F%1C0/U8?BK0++9Hd!6H7nrYgU0$H$dLd4>Nwx7w)X]fS3O#C:+;KeU.4{(gjQ nqyg2N6V%h_4N\>'7|}Gx@8fm;Qc>4)&:z1JoJ7UVB5q#PZqWJp-0F?Bm$gEEyg(}qJ2~uM2mJtKPq(S=C`>Al{(B`1LNaJSMnS>dH;*0MShl}H3y:uaI*Nub}YN3lB5x! +MJ&W+IDb?KJH;+TU7~@zzGle?hX$v^34#C0A7qJS4yDZS1+B,}c2`O(KmyMoywA\b@N4sw4Cz5l fBZre#z=8@Lgw>MV$@r:@wJzn++#dYc+rUNp^O?3YdY*Y?A9t=08Zg50*)L^1F77vFz}V7u4ZsmWjTpOQ&pL5V#Bhq-gBr-iLtN#3>lHT0om*AqOK9Rc/G+/$iJ#7R9VtrwY$? twOwM N0vJ^W2pjsPkoX@swrgS@vqxN2+H>SL^eZ0uyo3vW0+X9NxnpY8J2yCLmZ8J=IM0lmQc#P4GPk+(8Y1+Dm#l)bh7YV6P?HhWTJo+sJV3b#Ne^^yW6kFg4uv8jILBORt eB6jb>E+il$*R2eU-1P0@UtMJYO30eqA2[L9sYqZ#7bD8tYz^edge xZydQ8eD^bYpF1*]RjFgphVyC@0)g5RLJHfT@M8cAe G!KV2f(Sn$J^KQ...Wm#VX0N$NhvAnDj1t;JfT[G@+d!JPku3(c?*g2D6UYbQqAp578i6#Jcqhm4kk)jjqNqU#M^mAN>bSE@x=1YcKq8dqi13Tz^oPmCbW0m2NI6h<G @hpsL6H!&iV3c30ZT&(gX^qFvnE CB6U5$s5YiCi-WMn*s@7W+@U4v+0V7^SiM#un6C=N#CiG^zdy6hPXR8R7VTrS*2Y1#Wp@84JmOoH6smdi+GGA1LAVlN!3IdRMns0c9tG&Q3F$NcTt0^@GSM8dJb$M5vhig3Rl=aRBqp7Wx#G)XZZIKW%U8zEcc;ALk4uVpUxdi8n^bA)y5b*cjytjzr7ep0'#3s^&A1p5lATm0PyL/jC%ZWwmJ6Kbo%pTy>H7GqLeP=?pn(Sw4I!i6?JfY1Fp]ckyR5M]c5ANSQXQ8Jcg`
